
Microsoft Visual Studio Solution File, Format Version 12.00
# Visual Studio Version 17
VisualStudioVersion = 17.3.32721.290
MinimumVisualStudioVersion = 10.0.40219.1
Project("{9A19103F-16F7-4668-BE54-9A1E7A4F7556}") = "Problem1.TwoSum", "Problem1.TwoSum\Problem1.TwoSum.csproj", "{1972EDC8-4697-4DB1-916A-F7A3DC87C741}"
EndProject
Project("{9A19103F-16F7-4668-BE54-9A1E7A4F7556}") = "Problem2.Add_Two_Number", "Problem2.Add_Two_Number\Problem2.Add_Two_Number.csproj", "{4B7FDBC5-BC3C-4981-A6AC-4929D06D36BB}"
EndProject
Project("{9A19103F-16F7-4668-BE54-9A1E7A4F7556}") = "Problem3.Longest_SubString", "Problem3.Longest_SubString\Problem3.Longest_SubString.csproj", "{EFC71B16-2027-4EE8-9EEC-1D42657164C8}"
EndProject
Project("{9A19103F-16F7-4668-BE54-9A1E7A4F7556}") = "Problem4.MedianSortArray", "Problem4.MedianSortArray\Problem4.MedianSortArray.csproj", "{A6B13193-505C-48DE-9C96-31FBE63C65EB}"
EndProject
Project("{9A19103F-16F7-4668-BE54-9A1E7A4F7556}") = "Problem5.LongPaSubString", "Problem5.LongPaSubString\Problem5.LongPaSubString.csproj", "{82BDD0D3-B950-4723-BE4C-2E2BE96038B9}"
EndProject
Project("{9A19103F-16F7-4668-BE54-9A1E7A4F7556}") = "Problem6.ZigzagConversion", "Problem6.ZigzagConversion\Problem6.ZigzagConversion.csproj", "{8D897968-AB27-4E08-B1DD-773CDB5E6ADA}"
EndProject
Project("{9A19103F-16F7-4668-BE54-9A1E7A4F7556}") = "Problem7.ReverseInteger", "Problem7.ReverseInteger\Problem7.ReverseInteger.csproj", "{4A667D27-D28F-4F95-AE7B-59B40FF14AB5}"
EndProject
Project("{9A19103F-16F7-4668-BE54-9A1E7A4F7556}") = "Problem8.StringToInteger", "Problem8.StringToInteger\Problem8.StringToInteger.csproj", "{8BE0D8F1-4E8E-41E4-A2AF-13A7D1EB4FC7}"
EndProject
Project("{9A19103F-16F7-4668-BE54-9A1E7A4F7556}") = "Problem9.Palindrome_Number", "Problem9.Palindrome_Number\Problem9.Palindrome_Number.csproj", "{9D135173-FF08-491F-9469-D5E5FADBE18B}"
EndProject
Project("{9A19103F-16F7-4668-BE54-9A1E7A4F7556}") = "Problem9_11.Contain_Most_Water", "Problem11.Contain_Most_Water\Problem9_11.Contain_Most_Water.csproj", "{F1257BBC-1206-478A-8503-4CFCF6508DF4}"
EndProject
Project("{9A19103F-16F7-4668-BE54-9A1E7A4F7556}") = "Problem9_11.Contain_With_Most_Water", "Problem9_11.Contain_With_Most_Water\Problem9_11.Contain_With_Most_Water.csproj", "{A862CA05-7E3A-40E7-B072-D114F073A138}"
EndProject
Project("{9A19103F-16F7-4668-BE54-9A1E7A4F7556}") = "Problem9_15.3Sum", "Problem9_15.3Sum\Problem9_15.3Sum.csproj", "{F4BF1986-72BD-45D2-B1C0-8157DC7A904F}"
EndProject
Project("{9A19103F-16F7-4668-BE54-9A1E7A4F7556}") = "Problem98_Validate Binary Search Tree", "Problem98_Validate Binary Search Tree\Problem98_Validate Binary Search Tree.csproj", "{02C6004C-FA24-49A8-B672-FB0B85E368EA}"
EndProject
Project("{9A19103F-16F7-4668-BE54-9A1E7A4F7556}") = "Problem9_41_ First Missing Positive", "Problem9_41_ First Missing Positive\Problem9_41_ First Missing Positive.csproj", "{1042672F-5B08-4D8F-997C-ACB45F88C129}"
EndProject
Project("{9A19103F-16F7-4668-BE54-9A1E7A4F7556}") = "Problem9_219.Contains Duplicate II", "Problem9_219.Contains Duplicate II\Problem9_219.Contains Duplicate II.csproj", "{A019D589-D931-4B3D-A21B-8F12280AA265}"
EndProject
Project("{9A19103F-16F7-4668-BE54-9A1E7A4F7556}") = "Problem9_229.Majority Element II", "Problem9_229.Majority Element II\Problem9_229.Majority Element II.csproj", "{BCEF3D72-6D05-44AB-B0EC-3FE67851195C}"
EndProject
Project("{9A19103F-16F7-4668-BE54-9A1E7A4F7556}") = "Problem9_36_Valid_Sodoku", "Problem9_36_Valid_Sodoku\Problem9_36_Valid_Sodoku.csproj", "{F91BE541-F962-4E52-A2F1-696774EDE855}"
EndProject
Project("{9A19103F-16F7-4668-BE54-9A1E7A4F7556}") = "Problem9_74.Search _A_2D_Matrix", "Problem9_74.Search _A_2D_Matrix\Problem9_74.Search _A_2D_Matrix.csproj", "{E18ECFEC-3E1B-41F1-A45E-C56119ED386F}"
EndProject
Project("{9A19103F-16F7-4668-BE54-9A1E7A4F7556}") = "Problem9_74. Search a 2D Matrix2", "Problem9_74. Search a 2D Matrix2\Problem9_74. Search a 2D Matrix2.csproj", "{9BB2561D-309B-4F9F-BBA5-A43D39064E16}"
EndProject
Project("{9A19103F-16F7-4668-BE54-9A1E7A4F7556}") = "Problem9_33.33. Search in Rotated Sorted Array", "Problem9_33.33. Search in Rotated Sorted Array\Problem9_33.33. Search in Rotated Sorted Array.csproj", "{7EA31298-CF01-4634-9F78-08E90DD9D286}"
EndProject
Project("{9A19103F-16F7-4668-BE54-9A1E7A4F7556}") = "Problem9_169. Majority Element", "Problem9_169. Majority Element\Problem9_169. Majority Element.csproj", "{2931F6A4-D4C9-4F5F-8329-816F05386A80}"
EndProject
Project("{9A19103F-16F7-4668-BE54-9A1E7A4F7556}") = "Problem9_73. Set Matrix Zeroes", "Problem9_73. Set Matrix Zeroes\Problem9_73. Set Matrix Zeroes.csproj", "{D6987839-8B0B-4465-BB8E-B8F096183722}"
EndProject
Project("{9A19103F-16F7-4668-BE54-9A1E7A4F7556}") = "Problem9_268. Missing Number", "Problem9_268. Missing Number\Problem9_268. Missing Number.csproj", "{7F4C7066-F517-42E5-852B-01D96A7D8888}"
EndProject
Project("{9A19103F-16F7-4668-BE54-9A1E7A4F7556}") = "Problem9.242. Valid Anagram", "Problem9.242. Valid Anagram\Problem9.242. Valid Anagram.csproj", "{AE683C65-FE44-4419-9CAC-42D1A73D1EE6}"
EndProject
Project("{9A19103F-16F7-4668-BE54-9A1E7A4F7556}") = "Problem9.290. Word Pattern", "Problem9.290. Word Pattern\Problem9.290. Word Pattern.csproj", "{6C0F95F9-D96D-4B70-9A9B-7D30986E85BE}"
EndProject
Project("{9A19103F-16F7-4668-BE54-9A1E7A4F7556}") = "Problem9_205. Isomorphic Strings", "Problem9_205. Isomorphic Strings\Problem9_205. Isomorphic Strings.csproj", "{E2822DF9-7423-4146-B269-147C6D9E26FA}"
EndProject
Project("{9A19103F-16F7-4668-BE54-9A1E7A4F7556}") = "Problem9_383. Ransom Note", "Problem9_383. Ransom Note\Problem9_383. Ransom Note.csproj", "{3ED3EB7E-719D-4AD7-9017-E0081E39DF83}"
EndProject
Project("{9A19103F-16F7-4668-BE54-9A1E7A4F7556}") = "Problem9.179. Largest Number", "Problem9.179. Largest Number\Problem9.179. Largest Number.csproj", "{3E134F69-C08D-4A9F-B864-F88C45293E97}"
EndProject
Project("{9A19103F-16F7-4668-BE54-9A1E7A4F7556}") = "Problem9_79. Word Search", "Problem9_79. Word Search\Problem9_79. Word Search.csproj", "{7122D6D5-EE59-46E3-87B3-858913A35045}"
EndProject
Project("{9A19103F-16F7-4668-BE54-9A1E7A4F7556}") = "Problem9_80. Remove Duplicates from Sorted Array II", "Problem9_80. Remove Duplicates from Sorted Array II\Problem9_80. Remove Duplicates from Sorted Array II.csproj", "{2E06C90D-E272-4EBA-A1A8-FD8E52E1CACC}"
EndProject
Project("{9A19103F-16F7-4668-BE54-9A1E7A4F7556}") = "Problem9_88.Merge Sorted Array", "Problem9_88.Merge Sorted Array\Problem9_88.Merge Sorted Array.csproj", "{C8544756-4DCC-4BCD-9EBC-873EF8353853}"
EndProject
Project("{9A19103F-16F7-4668-BE54-9A1E7A4F7556}") = "Problem9_347. Top K Frequent Elements", "Problem9_347. Top K Frequent Elements\Problem9_347. Top K Frequent Elements.csproj", "{7D3F3BDF-A318-4600-8BE4-07E779BABBD5}"
EndProject
Project("{9A19103F-16F7-4668-BE54-9A1E7A4F7556}") = "Problem9_20. Valid Parentheses", "Problem9_20. Valid Parentheses\Problem9_20. Valid Parentheses.csproj", "{81202C0C-448A-4D1A-91AC-1038E8A6FC6C}"
EndProject
Project("{9A19103F-16F7-4668-BE54-9A1E7A4F7556}") = "Problem9_22. Generate Parentheses", "Problem9_22. Generate Parentheses\Problem9_22. Generate Parentheses.csproj", "{4AE5E5BA-2DAE-4A2B-BC0C-E2C1916FC4B5}"
EndProject
Project("{9A19103F-16F7-4668-BE54-9A1E7A4F7556}") = "Problem9_7. Letter Combinations of a Phone Number", "Problem9_7. Letter Combinations of a Phone Number\Problem9_7. Letter Combinations of a Phone Number.csproj", "{F36AE88F-C065-4916-85D9-AF083DA2F6F1}"
EndProject
Project("{9A19103F-16F7-4668-BE54-9A1E7A4F7556}") = "Problem9_43. Multiply Strings", "Problem9_43. Multiply Strings\Problem9_43. Multiply Strings.csproj", "{9F99E118-D379-45D6-93D9-9AA9134431F1}"
EndProject
Project("{9A19103F-16F7-4668-BE54-9A1E7A4F7556}") = "Problem9_6. 3Sum Closest", "Problem9_6. 3Sum Closest\Problem9_6. 3Sum Closest.csproj", "{0BA9EAA0-50D5-4788-B0F0-C03388A2B4AA}"
EndProject
Project("{9A19103F-16F7-4668-BE54-9A1E7A4F7556}") = "Problem9_454. 4Sum II", "Problem9_454. 4Sum II\Problem9_454. 4Sum II.csproj", "{986DC222-EA5C-49D3-B7F2-63525C74D0BE}"
EndProject
Project("{9A19103F-16F7-4668-BE54-9A1E7A4F7556}") = "Problem9_240. Search a 2D Matrix II", "Problem9_240. Search a 2D Matrix II\Problem9_240. Search a 2D Matrix II.csproj", "{531B2669-3A76-4BFF-AE9E-62EA33498932}"
EndProject
Project("{9A19103F-16F7-4668-BE54-9A1E7A4F7556}") = "Problem9_378. Kth Smallest Element in a Sorted Matrix", "Problem9_378. Kth Smallest Element in a Sorted Matrix\Problem9_378. Kth Smallest Element in a Sorted Matrix.csproj", "{B5EC0704-36B7-4FE3-8C92-33FA1059B9EC}"
EndProject
Project("{9A19103F-16F7-4668-BE54-9A1E7A4F7556}") = "Problem9_442. Find All Duplicates in an Array", "Problem9_442. Find All Duplicates in an Array\Problem9_442. Find All Duplicates in an Array.csproj", "{3F39B95C-7981-475B-82E7-1D46D03B615F}"
EndProject
Project("{9A19103F-16F7-4668-BE54-9A1E7A4F7556}") = "Problem9_93. Restore IP Addresses", "Problem9_93. Restore IP Addresses\Problem9_93. Restore IP Addresses.csproj", "{566712C3-18E2-4797-8AAB-D578472FFE5A}"
EndProject
Project("{9A19103F-16F7-4668-BE54-9A1E7A4F7556}") = "Problem9_27. Remove Element", "Problem9_27. Remove Element\Problem9_27. Remove Element.csproj", "{FA0A7C3A-EC3F-4E3D-A139-50EC8CF21DAD}"
EndProject
Project("{9A19103F-16F7-4668-BE54-9A1E7A4F7556}") = "Problem9_54. Spiral Matrix", "Problem9_54. Spiral Matrix\Problem9_54. Spiral Matrix.csproj", "{130C4026-53B4-4A6A-A45B-A7F450D506BE}"
EndProject
Project("{9A19103F-16F7-4668-BE54-9A1E7A4F7556}") = "Problem9_59. Spiral Matrix II", "Problem9_59. Spiral Matrix II\Problem9_59. Spiral Matrix II.csproj", "{A3203901-603C-427B-B828-61025A9FE8CA}"
EndProject
Project("{9A19103F-16F7-4668-BE54-9A1E7A4F7556}") = "Problem9_125. Valid Palindrome", "Problem9_125. Valid Palindrome\Problem9_125. Valid Palindrome.csproj", "{F3FC0E63-25FA-4078-8980-AE553EC0C5B0}"
EndProject
Project("{9A19103F-16F7-4668-BE54-9A1E7A4F7556}") = "Problem9_733. Flood Fill", "Problem9_733. Flood Fill\Problem9_733. Flood Fill.csproj", "{E84A8BB8-04BF-4411-9163-A5DC6E8A20A2}"
EndProject
Project("{9A19103F-16F7-4668-BE54-9A1E7A4F7556}") = "Problem9_66. Plus One", "Problem9_66. Plus One\Problem9_66. Plus One.csproj", "{D967DFF3-4E06-4CB3-964C-FE9BB5444CE9}"
EndProject
Project("{9A19103F-16F7-4668-BE54-9A1E7A4F7556}") = "Problem9_40. Combination Sum II", "Problem9_40. Combination Sum II\Problem9_40. Combination Sum II.csproj", "{767F8E60-587D-4835-A8BB-293B15C32AB7}"
EndProject
Project("{9A19103F-16F7-4668-BE54-9A1E7A4F7556}") = "Problem9_64. Minimum Path Sum", "Problem9_64. Minimum Path Sum\Problem9_64. Minimum Path Sum.csproj", "{8F52D90B-E238-4BCC-BB68-6CF5B876DEEB}"
EndProject
Project("{9A19103F-16F7-4668-BE54-9A1E7A4F7556}") = "Problem9_1275. Find Winner on a Tic Tac Toe Game", "Problem9_1275. Find Winner on a Tic Tac Toe Game\Problem9_1275. Find Winner on a Tic Tac Toe Game.csproj", "{CF2F2E5D-04D8-4AFD-B528-C0073231E03A}"
EndProject
Project("{9A19103F-16F7-4668-BE54-9A1E7A4F7556}") = "Problem9_722. Remove Comments", "Problem9_722. Remove Comments\Problem9_722. Remove Comments.csproj", "{969E9025-C973-442D-B15E-ED760F78F3D1}"
EndProject
Project("{9A19103F-16F7-4668-BE54-9A1E7A4F7556}") = "Problem9_108. Convert Sorted Array to Binary Search Tree", "Problem9_108. Convert Sorted Array to Binary Search Tree\Problem9_108. Convert Sorted Array to Binary Search Tree.csproj", "{EFD86E29-3121-411C-B5A4-81B7B1DFB933}"
EndProject
Project("{9A19103F-16F7-4668-BE54-9A1E7A4F7556}") = "Problem9_840. Magic Squares In Grid", "Problem9_840. Magic Squares In Grid\Problem9_840. Magic Squares In Grid.csproj", "{F6E0655D-3EE7-4E38-825C-1B4C75DD2017}"
EndProject
Project("{9A19103F-16F7-4668-BE54-9A1E7A4F7556}") = "Problem9_187. Repeated DNA Sequences", "Problem9_187. Repeated DNA Sequences\Problem9_187. Repeated DNA Sequences.csproj", "{6FA1F884-EE9E-4253-9249-0C262E0A2FD9}"
EndProject
Project("{9A19103F-16F7-4668-BE54-9A1E7A4F7556}") = "Problem9_100. Same Tree", "Problem9_100. Same Tree\Problem9_100. Same Tree.csproj", "{F0F8B014-7A3B-40B0-AD3A-BCB34C9B8335}"
EndProject
Project("{9A19103F-16F7-4668-BE54-9A1E7A4F7556}") = "Problem9_104. Maximum Depth of Binary Tree", "Problem9_104. Maximum Depth of Binary Tree\Problem9_104. Maximum Depth of Binary Tree.csproj", "{FCC25AE4-6ACC-4706-8033-CD8147993ACC}"
EndProject
Project("{9A19103F-16F7-4668-BE54-9A1E7A4F7556}") = "Problem9_136. Single Number", "Problem9_136. Single Number\Problem9_136. Single Number.csproj", "{BFB7176B-75CF-43FD-BFF7-CB32C845DD4F}"
EndProject
Project("{9A19103F-16F7-4668-BE54-9A1E7A4F7556}") = "Problem9_112. Path Sum", "Problem9_112. Path Sum\Problem9_112. Path Sum.csproj", "{13378B7F-3A7F-4E6C-A877-85EA1B645FD0}"
EndProject
Project("{9A19103F-16F7-4668-BE54-9A1E7A4F7556}") = "Problem9_139. Word Break", "Problem9_139. Word Break\Problem9_139. Word Break.csproj", "{847AB6F6-5001-4E32-8DD3-A76C75927E71}"
EndProject
Project("{9A19103F-16F7-4668-BE54-9A1E7A4F7556}") = "Problem9_130. Surrounded Regions", "Problem9_130. Surrounded Regions\Problem9_130. Surrounded Regions.csproj", "{DC686DB3-33D8-4ABA-852E-A10BA71CA40E}"
EndProject
Project("{9A19103F-16F7-4668-BE54-9A1E7A4F7556}") = "Problem9_110. Balanced Binary Tree", "Problem9_110. Balanced Binary Tree\Problem9_110. Balanced Binary Tree.csproj", "{9256E130-ACAD-4C0D-A12C-BD2FBA686D71}"
EndProject
Project("{9A19103F-16F7-4668-BE54-9A1E7A4F7556}") = "Problem9_304. Range Sum Query 2D - Immutable", "Problem9_304. Range Sum Query 2D - Immutable\Problem9_304. Range Sum Query 2D - Immutable.csproj", "{58136F8D-F4B8-4805-9EA5-4B18A50CA794}"
EndProject
Project("{9A19103F-16F7-4668-BE54-9A1E7A4F7556}") = "Problem9_316. Remove Duplicate Letters", "Problem9_316. Remove Duplicate Letters\Problem9_316. Remove Duplicate Letters.csproj", "{59AF7615-B579-435F-BCBC-4E768885FE84}"
EndProject
Project("{9A19103F-16F7-4668-BE54-9A1E7A4F7556}") = "Problem9.113. Path Sum II", "Problem9.113. Path Sum II\Problem9.113. Path Sum II.csproj", "{B3B1CCA0-7B80-42AC-9194-BAA98B8CF00C}"
EndProject
Project("{9A19103F-16F7-4668-BE54-9A1E7A4F7556}") = "Problem9_129. Sum Root to Leaf Numbers", "Problem9_129. Sum Root to Leaf Numbers\Problem9_129. Sum Root to Leaf Numbers.csproj", "{46DBEF14-7964-4E6C-98E0-B3B35D944FA2}"
EndProject
Project("{9A19103F-16F7-4668-BE54-9A1E7A4F7556}") = "Problem9_62. Unique Paths", "Problem9_62. Unique Paths\Problem9_62. Unique Paths.csproj", "{A6EB6BF8-2C89-4966-9D3C-F70D888A2156}"
EndProject
Project("{9A19103F-16F7-4668-BE54-9A1E7A4F7556}") = "Problem9_63. Unique Paths II", "Problem9_63. Unique Paths II\Problem9_63. Unique Paths II.csproj", "{F410D9E0-B521-4E7B-977D-248F7DF796D0}"
EndProject
Project("{9A19103F-16F7-4668-BE54-9A1E7A4F7556}") = "Problem9.222. Count Complete Tree Nodes", "Problem9.222. Count Complete Tree Nodes\Problem9.222. Count Complete Tree Nodes.csproj", "{83420DC6-89B9-49B9-8C70-FB81A1BAE931}"
EndProject
Project("{9A19103F-16F7-4668-BE54-9A1E7A4F7556}") = "Problem9_2007. Find Original Array From Doubled Array", "Problem9_2007. Find Original Array From Doubled Array\Problem9_2007. Find Original Array From Doubled Array.csproj", "{91D17A20-D4E1-42DA-8575-816169188ED8}"
EndProject
Project("{9A19103F-16F7-4668-BE54-9A1E7A4F7556}") = "Problem9_257. Binary Tree Paths", "Problem9_257. Binary Tree Paths\Problem9_257. Binary Tree Paths.csproj", "{218EF2A4-4C81-458F-B6A0-931FB5EF0215}"
EndProject
Project("{9A19103F-16F7-4668-BE54-9A1E7A4F7556}") = "Problem438. Find All Anagrams in a String", "Problem438. Find All Anagrams in a String\Problem438. Find All Anagrams in a String.csproj", "{5E414B6C-D95F-42D1-A4EA-0243AB8F2AD5}"
EndProject
Project("{9A19103F-16F7-4668-BE54-9A1E7A4F7556}") = "77. Combinations", "77. Combinations\77. Combinations.csproj", "{CCDDC8F6-CC8D-4802-AA4A-65AE9673F501}"
EndProject
Project("{9A19103F-16F7-4668-BE54-9A1E7A4F7556}") = "Problem143. Reorder List", "Problem143. Reorder List\Problem143. Reorder List.csproj", "{8CA3A6F1-1C21-4A97-8CB5-D9DCA2642100}"
EndProject
Project("{9A19103F-16F7-4668-BE54-9A1E7A4F7556}") = "155. Min Stack", "155. Min Stack\155. Min Stack.csproj", "{0872F18B-7581-442D-A5A4-31205D82E022}"
EndProject
Project("{9A19103F-16F7-4668-BE54-9A1E7A4F7556}") = "1662. Check If Two String Arrays are Equivalent", "1662. Check If Two String Arrays are Equivalent\1662. Check If Two String Arrays are Equivalent.csproj", "{F4194E15-8A1E-4D0F-B21A-9CE8EBF58845}"
EndProject
Project("{9A19103F-16F7-4668-BE54-9A1E7A4F7556}") = "227. Basic CalculatorII", "227. Basic CalculatorII\227. Basic CalculatorII.csproj", "{D3207350-DD42-4933-B4A4-87F39AC4D3AF}"
EndProject
Project("{9A19103F-16F7-4668-BE54-9A1E7A4F7556}") = "2446. Determine if Two Events Have Conflict", "2446. Determine if Two Events Have Conflict\2446. Determine if Two Events Have Conflict.csproj", "{FCF00ACB-74CE-47F7-84D2-CE23E561D5D8}"
EndProject
Project("{9A19103F-16F7-4668-BE54-9A1E7A4F7556}") = "167. Two Sum II - Input Array Is Sorted", "167. Two Sum II - Input Array Is Sorted\167. Two Sum II - Input Array Is Sorted.csproj", "{77B7DCBA-EECE-4EB6-9608-220F9A409EC7}"
EndProject
Project("{9A19103F-16F7-4668-BE54-9A1E7A4F7556}") = "118. Pascal's Triangle", "118. Pascal's Triangle\118. Pascal's Triangle.csproj", "{0E5B0AF7-8422-4D9B-824E-0DDADB95F97B}"
EndProject
Project("{9A19103F-16F7-4668-BE54-9A1E7A4F7556}") = "120. Triangle", "120. Triangle\120. Triangle.csproj", "{40348BB3-3051-4C2E-9B60-2B8B4A3B8A8B}"
EndProject
Project("{9A19103F-16F7-4668-BE54-9A1E7A4F7556}") = "766. Toeplitz Matrix", "766. Toeplitz Matrix\766. Toeplitz Matrix.csproj", "{B592FC58-EB53-47CF-9B29-E9D837A465D7}"
EndProject
Project("{9A19103F-16F7-4668-BE54-9A1E7A4F7556}") = "1219. Path with Maximum Gold", "1219. Path with Maximum Gold\1219. Path with Maximum Gold.csproj", "{B7EDEB26-3E78-4394-9637-65260A49DF40}"
EndProject
Project("{9A19103F-16F7-4668-BE54-9A1E7A4F7556}") = "1034. Coloring A Border", "1034. Coloring A Border\1034. Coloring A Border.csproj", "{B73D1A9E-05CF-4311-A948-247A85CBCA70}"
EndProject
Project("{9A19103F-16F7-4668-BE54-9A1E7A4F7556}") = "149. Max Points on a Line", "149. Max Points on a Line\149. Max Points on a Line.csproj", "{D3D033AF-A152-44B8-A5B6-7A7525CBC370}"
EndProject
Project("{FAE04EC0-301F-11D3-BF4B-00C04F79EFBC}") = "122. Best Time to Buy and Sell Stock II", "122. Best Time to Buy and Sell Stock II\122. Best Time to Buy and Sell Stock II.csproj", "{202040BD-867C-4494-8F23-6793C39FEF25}"
EndProject
Global
	GlobalSection(SolutionConfigurationPlatforms) = preSolution
		Debug|Any CPU = Debug|Any CPU
		Release|Any CPU = Release|Any CPU
	EndGlobalSection
	GlobalSection(ProjectConfigurationPlatforms) = postSolution
		{1972EDC8-4697-4DB1-916A-F7A3DC87C741}.Debug|Any CPU.ActiveCfg = Debug|Any CPU
		{1972EDC8-4697-4DB1-916A-F7A3DC87C741}.Debug|Any CPU.Build.0 = Debug|Any CPU
		{1972EDC8-4697-4DB1-916A-F7A3DC87C741}.Release|Any CPU.ActiveCfg = Release|Any CPU
		{1972EDC8-4697-4DB1-916A-F7A3DC87C741}.Release|Any CPU.Build.0 = Release|Any CPU
		{4B7FDBC5-BC3C-4981-A6AC-4929D06D36BB}.Debug|Any CPU.ActiveCfg = Debug|Any CPU
		{4B7FDBC5-BC3C-4981-A6AC-4929D06D36BB}.Debug|Any CPU.Build.0 = Debug|Any CPU
		{4B7FDBC5-BC3C-4981-A6AC-4929D06D36BB}.Release|Any CPU.ActiveCfg = Release|Any CPU
		{4B7FDBC5-BC3C-4981-A6AC-4929D06D36BB}.Release|Any CPU.Build.0 = Release|Any CPU
		{EFC71B16-2027-4EE8-9EEC-1D42657164C8}.Debug|Any CPU.ActiveCfg = Debug|Any CPU
		{EFC71B16-2027-4EE8-9EEC-1D42657164C8}.Debug|Any CPU.Build.0 = Debug|Any CPU
		{EFC71B16-2027-4EE8-9EEC-1D42657164C8}.Release|Any CPU.ActiveCfg = Release|Any CPU
		{EFC71B16-2027-4EE8-9EEC-1D42657164C8}.Release|Any CPU.Build.0 = Release|Any CPU
		{A6B13193-505C-48DE-9C96-31FBE63C65EB}.Debug|Any CPU.ActiveCfg = Debug|Any CPU
		{A6B13193-505C-48DE-9C96-31FBE63C65EB}.Debug|Any CPU.Build.0 = Debug|Any CPU
		{A6B13193-505C-48DE-9C96-31FBE63C65EB}.Release|Any CPU.ActiveCfg = Release|Any CPU
		{A6B13193-505C-48DE-9C96-31FBE63C65EB}.Release|Any CPU.Build.0 = Release|Any CPU
		{82BDD0D3-B950-4723-BE4C-2E2BE96038B9}.Debug|Any CPU.ActiveCfg = Debug|Any CPU
		{82BDD0D3-B950-4723-BE4C-2E2BE96038B9}.Debug|Any CPU.Build.0 = Debug|Any CPU
		{82BDD0D3-B950-4723-BE4C-2E2BE96038B9}.Release|Any CPU.ActiveCfg = Release|Any CPU
		{82BDD0D3-B950-4723-BE4C-2E2BE96038B9}.Release|Any CPU.Build.0 = Release|Any CPU
		{8D897968-AB27-4E08-B1DD-773CDB5E6ADA}.Debug|Any CPU.ActiveCfg = Debug|Any CPU
		{8D897968-AB27-4E08-B1DD-773CDB5E6ADA}.Debug|Any CPU.Build.0 = Debug|Any CPU
		{8D897968-AB27-4E08-B1DD-773CDB5E6ADA}.Release|Any CPU.ActiveCfg = Release|Any CPU
		{8D897968-AB27-4E08-B1DD-773CDB5E6ADA}.Release|Any CPU.Build.0 = Release|Any CPU
		{4A667D27-D28F-4F95-AE7B-59B40FF14AB5}.Debug|Any CPU.ActiveCfg = Debug|Any CPU
		{4A667D27-D28F-4F95-AE7B-59B40FF14AB5}.Debug|Any CPU.Build.0 = Debug|Any CPU
		{4A667D27-D28F-4F95-AE7B-59B40FF14AB5}.Release|Any CPU.ActiveCfg = Release|Any CPU
		{4A667D27-D28F-4F95-AE7B-59B40FF14AB5}.Release|Any CPU.Build.0 = Release|Any CPU
		{8BE0D8F1-4E8E-41E4-A2AF-13A7D1EB4FC7}.Debug|Any CPU.ActiveCfg = Debug|Any CPU
		{8BE0D8F1-4E8E-41E4-A2AF-13A7D1EB4FC7}.Debug|Any CPU.Build.0 = Debug|Any CPU
		{8BE0D8F1-4E8E-41E4-A2AF-13A7D1EB4FC7}.Release|Any CPU.ActiveCfg = Release|Any CPU
		{8BE0D8F1-4E8E-41E4-A2AF-13A7D1EB4FC7}.Release|Any CPU.Build.0 = Release|Any CPU
		{9D135173-FF08-491F-9469-D5E5FADBE18B}.Debug|Any CPU.ActiveCfg = Debug|Any CPU
		{9D135173-FF08-491F-9469-D5E5FADBE18B}.Debug|Any CPU.Build.0 = Debug|Any CPU
		{9D135173-FF08-491F-9469-D5E5FADBE18B}.Release|Any CPU.ActiveCfg = Release|Any CPU
		{9D135173-FF08-491F-9469-D5E5FADBE18B}.Release|Any CPU.Build.0 = Release|Any CPU
		{F1257BBC-1206-478A-8503-4CFCF6508DF4}.Debug|Any CPU.ActiveCfg = Debug|Any CPU
		{F1257BBC-1206-478A-8503-4CFCF6508DF4}.Debug|Any CPU.Build.0 = Debug|Any CPU
		{F1257BBC-1206-478A-8503-4CFCF6508DF4}.Release|Any CPU.ActiveCfg = Release|Any CPU
		{F1257BBC-1206-478A-8503-4CFCF6508DF4}.Release|Any CPU.Build.0 = Release|Any CPU
		{A862CA05-7E3A-40E7-B072-D114F073A138}.Debug|Any CPU.ActiveCfg = Debug|Any CPU
		{A862CA05-7E3A-40E7-B072-D114F073A138}.Debug|Any CPU.Build.0 = Debug|Any CPU
		{A862CA05-7E3A-40E7-B072-D114F073A138}.Release|Any CPU.ActiveCfg = Release|Any CPU
		{A862CA05-7E3A-40E7-B072-D114F073A138}.Release|Any CPU.Build.0 = Release|Any CPU
		{F4BF1986-72BD-45D2-B1C0-8157DC7A904F}.Debug|Any CPU.ActiveCfg = Debug|Any CPU
		{F4BF1986-72BD-45D2-B1C0-8157DC7A904F}.Debug|Any CPU.Build.0 = Debug|Any CPU
		{F4BF1986-72BD-45D2-B1C0-8157DC7A904F}.Release|Any CPU.ActiveCfg = Release|Any CPU
		{F4BF1986-72BD-45D2-B1C0-8157DC7A904F}.Release|Any CPU.Build.0 = Release|Any CPU
		{02C6004C-FA24-49A8-B672-FB0B85E368EA}.Debug|Any CPU.ActiveCfg = Debug|Any CPU
		{02C6004C-FA24-49A8-B672-FB0B85E368EA}.Debug|Any CPU.Build.0 = Debug|Any CPU
		{02C6004C-FA24-49A8-B672-FB0B85E368EA}.Release|Any CPU.ActiveCfg = Release|Any CPU
		{02C6004C-FA24-49A8-B672-FB0B85E368EA}.Release|Any CPU.Build.0 = Release|Any CPU
		{1042672F-5B08-4D8F-997C-ACB45F88C129}.Debug|Any CPU.ActiveCfg = Debug|Any CPU
		{1042672F-5B08-4D8F-997C-ACB45F88C129}.Debug|Any CPU.Build.0 = Debug|Any CPU
		{1042672F-5B08-4D8F-997C-ACB45F88C129}.Release|Any CPU.ActiveCfg = Release|Any CPU
		{1042672F-5B08-4D8F-997C-ACB45F88C129}.Release|Any CPU.Build.0 = Release|Any CPU
		{A019D589-D931-4B3D-A21B-8F12280AA265}.Debug|Any CPU.ActiveCfg = Debug|Any CPU
		{A019D589-D931-4B3D-A21B-8F12280AA265}.Debug|Any CPU.Build.0 = Debug|Any CPU
		{A019D589-D931-4B3D-A21B-8F12280AA265}.Release|Any CPU.ActiveCfg = Release|Any CPU
		{A019D589-D931-4B3D-A21B-8F12280AA265}.Release|Any CPU.Build.0 = Release|Any CPU
		{BCEF3D72-6D05-44AB-B0EC-3FE67851195C}.Debug|Any CPU.ActiveCfg = Debug|Any CPU
		{BCEF3D72-6D05-44AB-B0EC-3FE67851195C}.Debug|Any CPU.Build.0 = Debug|Any CPU
		{BCEF3D72-6D05-44AB-B0EC-3FE67851195C}.Release|Any CPU.ActiveCfg = Release|Any CPU
		{BCEF3D72-6D05-44AB-B0EC-3FE67851195C}.Release|Any CPU.Build.0 = Release|Any CPU
		{F91BE541-F962-4E52-A2F1-696774EDE855}.Debug|Any CPU.ActiveCfg = Debug|Any CPU
		{F91BE541-F962-4E52-A2F1-696774EDE855}.Debug|Any CPU.Build.0 = Debug|Any CPU
		{F91BE541-F962-4E52-A2F1-696774EDE855}.Release|Any CPU.ActiveCfg = Release|Any CPU
		{F91BE541-F962-4E52-A2F1-696774EDE855}.Release|Any CPU.Build.0 = Release|Any CPU
		{E18ECFEC-3E1B-41F1-A45E-C56119ED386F}.Debug|Any CPU.ActiveCfg = Debug|Any CPU
		{E18ECFEC-3E1B-41F1-A45E-C56119ED386F}.Debug|Any CPU.Build.0 = Debug|Any CPU
		{E18ECFEC-3E1B-41F1-A45E-C56119ED386F}.Release|Any CPU.ActiveCfg = Release|Any CPU
		{E18ECFEC-3E1B-41F1-A45E-C56119ED386F}.Release|Any CPU.Build.0 = Release|Any CPU
		{9BB2561D-309B-4F9F-BBA5-A43D39064E16}.Debug|Any CPU.ActiveCfg = Debug|Any CPU
		{9BB2561D-309B-4F9F-BBA5-A43D39064E16}.Debug|Any CPU.Build.0 = Debug|Any CPU
		{9BB2561D-309B-4F9F-BBA5-A43D39064E16}.Release|Any CPU.ActiveCfg = Release|Any CPU
		{9BB2561D-309B-4F9F-BBA5-A43D39064E16}.Release|Any CPU.Build.0 = Release|Any CPU
		{7EA31298-CF01-4634-9F78-08E90DD9D286}.Debug|Any CPU.ActiveCfg = Debug|Any CPU
		{7EA31298-CF01-4634-9F78-08E90DD9D286}.Debug|Any CPU.Build.0 = Debug|Any CPU
		{7EA31298-CF01-4634-9F78-08E90DD9D286}.Release|Any CPU.ActiveCfg = Release|Any CPU
		{7EA31298-CF01-4634-9F78-08E90DD9D286}.Release|Any CPU.Build.0 = Release|Any CPU
		{2931F6A4-D4C9-4F5F-8329-816F05386A80}.Debug|Any CPU.ActiveCfg = Debug|Any CPU
		{2931F6A4-D4C9-4F5F-8329-816F05386A80}.Debug|Any CPU.Build.0 = Debug|Any CPU
		{2931F6A4-D4C9-4F5F-8329-816F05386A80}.Release|Any CPU.ActiveCfg = Release|Any CPU
		{2931F6A4-D4C9-4F5F-8329-816F05386A80}.Release|Any CPU.Build.0 = Release|Any CPU
		{D6987839-8B0B-4465-BB8E-B8F096183722}.Debug|Any CPU.ActiveCfg = Debug|Any CPU
		{D6987839-8B0B-4465-BB8E-B8F096183722}.Debug|Any CPU.Build.0 = Debug|Any CPU
		{D6987839-8B0B-4465-BB8E-B8F096183722}.Release|Any CPU.ActiveCfg = Release|Any CPU
		{D6987839-8B0B-4465-BB8E-B8F096183722}.Release|Any CPU.Build.0 = Release|Any CPU
		{7F4C7066-F517-42E5-852B-01D96A7D8888}.Debug|Any CPU.ActiveCfg = Debug|Any CPU
		{7F4C7066-F517-42E5-852B-01D96A7D8888}.Debug|Any CPU.Build.0 = Debug|Any CPU
		{7F4C7066-F517-42E5-852B-01D96A7D8888}.Release|Any CPU.ActiveCfg = Release|Any CPU
		{7F4C7066-F517-42E5-852B-01D96A7D8888}.Release|Any CPU.Build.0 = Release|Any CPU
		{AE683C65-FE44-4419-9CAC-42D1A73D1EE6}.Debug|Any CPU.ActiveCfg = Debug|Any CPU
		{AE683C65-FE44-4419-9CAC-42D1A73D1EE6}.Debug|Any CPU.Build.0 = Debug|Any CPU
		{AE683C65-FE44-4419-9CAC-42D1A73D1EE6}.Release|Any CPU.ActiveCfg = Release|Any CPU
		{AE683C65-FE44-4419-9CAC-42D1A73D1EE6}.Release|Any CPU.Build.0 = Release|Any CPU
		{6C0F95F9-D96D-4B70-9A9B-7D30986E85BE}.Debug|Any CPU.ActiveCfg = Debug|Any CPU
		{6C0F95F9-D96D-4B70-9A9B-7D30986E85BE}.Debug|Any CPU.Build.0 = Debug|Any CPU
		{6C0F95F9-D96D-4B70-9A9B-7D30986E85BE}.Release|Any CPU.ActiveCfg = Release|Any CPU
		{6C0F95F9-D96D-4B70-9A9B-7D30986E85BE}.Release|Any CPU.Build.0 = Release|Any CPU
		{E2822DF9-7423-4146-B269-147C6D9E26FA}.Debug|Any CPU.ActiveCfg = Debug|Any CPU
		{E2822DF9-7423-4146-B269-147C6D9E26FA}.Debug|Any CPU.Build.0 = Debug|Any CPU
		{E2822DF9-7423-4146-B269-147C6D9E26FA}.Release|Any CPU.ActiveCfg = Release|Any CPU
		{E2822DF9-7423-4146-B269-147C6D9E26FA}.Release|Any CPU.Build.0 = Release|Any CPU
		{3ED3EB7E-719D-4AD7-9017-E0081E39DF83}.Debug|Any CPU.ActiveCfg = Debug|Any CPU
		{3ED3EB7E-719D-4AD7-9017-E0081E39DF83}.Debug|Any CPU.Build.0 = Debug|Any CPU
		{3ED3EB7E-719D-4AD7-9017-E0081E39DF83}.Release|Any CPU.ActiveCfg = Release|Any CPU
		{3ED3EB7E-719D-4AD7-9017-E0081E39DF83}.Release|Any CPU.Build.0 = Release|Any CPU
		{3E134F69-C08D-4A9F-B864-F88C45293E97}.Debug|Any CPU.ActiveCfg = Debug|Any CPU
		{3E134F69-C08D-4A9F-B864-F88C45293E97}.Debug|Any CPU.Build.0 = Debug|Any CPU
		{3E134F69-C08D-4A9F-B864-F88C45293E97}.Release|Any CPU.ActiveCfg = Release|Any CPU
		{3E134F69-C08D-4A9F-B864-F88C45293E97}.Release|Any CPU.Build.0 = Release|Any CPU
		{7122D6D5-EE59-46E3-87B3-858913A35045}.Debug|Any CPU.ActiveCfg = Debug|Any CPU
		{7122D6D5-EE59-46E3-87B3-858913A35045}.Debug|Any CPU.Build.0 = Debug|Any CPU
		{7122D6D5-EE59-46E3-87B3-858913A35045}.Release|Any CPU.ActiveCfg = Release|Any CPU
		{7122D6D5-EE59-46E3-87B3-858913A35045}.Release|Any CPU.Build.0 = Release|Any CPU
		{2E06C90D-E272-4EBA-A1A8-FD8E52E1CACC}.Debug|Any CPU.ActiveCfg = Debug|Any CPU
		{2E06C90D-E272-4EBA-A1A8-FD8E52E1CACC}.Debug|Any CPU.Build.0 = Debug|Any CPU
		{2E06C90D-E272-4EBA-A1A8-FD8E52E1CACC}.Release|Any CPU.ActiveCfg = Release|Any CPU
		{2E06C90D-E272-4EBA-A1A8-FD8E52E1CACC}.Release|Any CPU.Build.0 = Release|Any CPU
		{C8544756-4DCC-4BCD-9EBC-873EF8353853}.Debug|Any CPU.ActiveCfg = Debug|Any CPU
		{C8544756-4DCC-4BCD-9EBC-873EF8353853}.Debug|Any CPU.Build.0 = Debug|Any CPU
		{C8544756-4DCC-4BCD-9EBC-873EF8353853}.Release|Any CPU.ActiveCfg = Release|Any CPU
		{C8544756-4DCC-4BCD-9EBC-873EF8353853}.Release|Any CPU.Build.0 = Release|Any CPU
		{7D3F3BDF-A318-4600-8BE4-07E779BABBD5}.Debug|Any CPU.ActiveCfg = Debug|Any CPU
		{7D3F3BDF-A318-4600-8BE4-07E779BABBD5}.Debug|Any CPU.Build.0 = Debug|Any CPU
		{7D3F3BDF-A318-4600-8BE4-07E779BABBD5}.Release|Any CPU.ActiveCfg = Release|Any CPU
		{7D3F3BDF-A318-4600-8BE4-07E779BABBD5}.Release|Any CPU.Build.0 = Release|Any CPU
		{81202C0C-448A-4D1A-91AC-1038E8A6FC6C}.Debug|Any CPU.ActiveCfg = Debug|Any CPU
		{81202C0C-448A-4D1A-91AC-1038E8A6FC6C}.Debug|Any CPU.Build.0 = Debug|Any CPU
		{81202C0C-448A-4D1A-91AC-1038E8A6FC6C}.Release|Any CPU.ActiveCfg = Release|Any CPU
		{81202C0C-448A-4D1A-91AC-1038E8A6FC6C}.Release|Any CPU.Build.0 = Release|Any CPU
		{4AE5E5BA-2DAE-4A2B-BC0C-E2C1916FC4B5}.Debug|Any CPU.ActiveCfg = Debug|Any CPU
		{4AE5E5BA-2DAE-4A2B-BC0C-E2C1916FC4B5}.Debug|Any CPU.Build.0 = Debug|Any CPU
		{4AE5E5BA-2DAE-4A2B-BC0C-E2C1916FC4B5}.Release|Any CPU.ActiveCfg = Release|Any CPU
		{4AE5E5BA-2DAE-4A2B-BC0C-E2C1916FC4B5}.Release|Any CPU.Build.0 = Release|Any CPU
		{F36AE88F-C065-4916-85D9-AF083DA2F6F1}.Debug|Any CPU.ActiveCfg = Debug|Any CPU
		{F36AE88F-C065-4916-85D9-AF083DA2F6F1}.Debug|Any CPU.Build.0 = Debug|Any CPU
		{F36AE88F-C065-4916-85D9-AF083DA2F6F1}.Release|Any CPU.ActiveCfg = Release|Any CPU
		{F36AE88F-C065-4916-85D9-AF083DA2F6F1}.Release|Any CPU.Build.0 = Release|Any CPU
		{9F99E118-D379-45D6-93D9-9AA9134431F1}.Debug|Any CPU.ActiveCfg = Debug|Any CPU
		{9F99E118-D379-45D6-93D9-9AA9134431F1}.Debug|Any CPU.Build.0 = Debug|Any CPU
		{9F99E118-D379-45D6-93D9-9AA9134431F1}.Release|Any CPU.ActiveCfg = Release|Any CPU
		{9F99E118-D379-45D6-93D9-9AA9134431F1}.Release|Any CPU.Build.0 = Release|Any CPU
		{0BA9EAA0-50D5-4788-B0F0-C03388A2B4AA}.Debug|Any CPU.ActiveCfg = Debug|Any CPU
		{0BA9EAA0-50D5-4788-B0F0-C03388A2B4AA}.Debug|Any CPU.Build.0 = Debug|Any CPU
		{0BA9EAA0-50D5-4788-B0F0-C03388A2B4AA}.Release|Any CPU.ActiveCfg = Release|Any CPU
		{0BA9EAA0-50D5-4788-B0F0-C03388A2B4AA}.Release|Any CPU.Build.0 = Release|Any CPU
		{986DC222-EA5C-49D3-B7F2-63525C74D0BE}.Debug|Any CPU.ActiveCfg = Debug|Any CPU
		{986DC222-EA5C-49D3-B7F2-63525C74D0BE}.Debug|Any CPU.Build.0 = Debug|Any CPU
		{986DC222-EA5C-49D3-B7F2-63525C74D0BE}.Release|Any CPU.ActiveCfg = Release|Any CPU
		{986DC222-EA5C-49D3-B7F2-63525C74D0BE}.Release|Any CPU.Build.0 = Release|Any CPU
		{531B2669-3A76-4BFF-AE9E-62EA33498932}.Debug|Any CPU.ActiveCfg = Debug|Any CPU
		{531B2669-3A76-4BFF-AE9E-62EA33498932}.Debug|Any CPU.Build.0 = Debug|Any CPU
		{531B2669-3A76-4BFF-AE9E-62EA33498932}.Release|Any CPU.ActiveCfg = Release|Any CPU
		{531B2669-3A76-4BFF-AE9E-62EA33498932}.Release|Any CPU.Build.0 = Release|Any CPU
		{B5EC0704-36B7-4FE3-8C92-33FA1059B9EC}.Debug|Any CPU.ActiveCfg = Debug|Any CPU
		{B5EC0704-36B7-4FE3-8C92-33FA1059B9EC}.Debug|Any CPU.Build.0 = Debug|Any CPU
		{B5EC0704-36B7-4FE3-8C92-33FA1059B9EC}.Release|Any CPU.ActiveCfg = Release|Any CPU
		{B5EC0704-36B7-4FE3-8C92-33FA1059B9EC}.Release|Any CPU.Build.0 = Release|Any CPU
		{3F39B95C-7981-475B-82E7-1D46D03B615F}.Debug|Any CPU.ActiveCfg = Debug|Any CPU
		{3F39B95C-7981-475B-82E7-1D46D03B615F}.Debug|Any CPU.Build.0 = Debug|Any CPU
		{3F39B95C-7981-475B-82E7-1D46D03B615F}.Release|Any CPU.ActiveCfg = Release|Any CPU
		{3F39B95C-7981-475B-82E7-1D46D03B615F}.Release|Any CPU.Build.0 = Release|Any CPU
		{566712C3-18E2-4797-8AAB-D578472FFE5A}.Debug|Any CPU.ActiveCfg = Debug|Any CPU
		{566712C3-18E2-4797-8AAB-D578472FFE5A}.Debug|Any CPU.Build.0 = Debug|Any CPU
		{566712C3-18E2-4797-8AAB-D578472FFE5A}.Release|Any CPU.ActiveCfg = Release|Any CPU
		{566712C3-18E2-4797-8AAB-D578472FFE5A}.Release|Any CPU.Build.0 = Release|Any CPU
		{FA0A7C3A-EC3F-4E3D-A139-50EC8CF21DAD}.Debug|Any CPU.ActiveCfg = Debug|Any CPU
		{FA0A7C3A-EC3F-4E3D-A139-50EC8CF21DAD}.Debug|Any CPU.Build.0 = Debug|Any CPU
		{FA0A7C3A-EC3F-4E3D-A139-50EC8CF21DAD}.Release|Any CPU.ActiveCfg = Release|Any CPU
		{FA0A7C3A-EC3F-4E3D-A139-50EC8CF21DAD}.Release|Any CPU.Build.0 = Release|Any CPU
		{130C4026-53B4-4A6A-A45B-A7F450D506BE}.Debug|Any CPU.ActiveCfg = Debug|Any CPU
		{130C4026-53B4-4A6A-A45B-A7F450D506BE}.Debug|Any CPU.Build.0 = Debug|Any CPU
		{130C4026-53B4-4A6A-A45B-A7F450D506BE}.Release|Any CPU.ActiveCfg = Release|Any CPU
		{130C4026-53B4-4A6A-A45B-A7F450D506BE}.Release|Any CPU.Build.0 = Release|Any CPU
		{A3203901-603C-427B-B828-61025A9FE8CA}.Debug|Any CPU.ActiveCfg = Debug|Any CPU
		{A3203901-603C-427B-B828-61025A9FE8CA}.Debug|Any CPU.Build.0 = Debug|Any CPU
		{A3203901-603C-427B-B828-61025A9FE8CA}.Release|Any CPU.ActiveCfg = Release|Any CPU
		{A3203901-603C-427B-B828-61025A9FE8CA}.Release|Any CPU.Build.0 = Release|Any CPU
		{F3FC0E63-25FA-4078-8980-AE553EC0C5B0}.Debug|Any CPU.ActiveCfg = Debug|Any CPU
		{F3FC0E63-25FA-4078-8980-AE553EC0C5B0}.Debug|Any CPU.Build.0 = Debug|Any CPU
		{F3FC0E63-25FA-4078-8980-AE553EC0C5B0}.Release|Any CPU.ActiveCfg = Release|Any CPU
		{F3FC0E63-25FA-4078-8980-AE553EC0C5B0}.Release|Any CPU.Build.0 = Release|Any CPU
		{E84A8BB8-04BF-4411-9163-A5DC6E8A20A2}.Debug|Any CPU.ActiveCfg = Debug|Any CPU
		{E84A8BB8-04BF-4411-9163-A5DC6E8A20A2}.Debug|Any CPU.Build.0 = Debug|Any CPU
		{E84A8BB8-04BF-4411-9163-A5DC6E8A20A2}.Release|Any CPU.ActiveCfg = Release|Any CPU
		{E84A8BB8-04BF-4411-9163-A5DC6E8A20A2}.Release|Any CPU.Build.0 = Release|Any CPU
		{D967DFF3-4E06-4CB3-964C-FE9BB5444CE9}.Debug|Any CPU.ActiveCfg = Debug|Any CPU
		{D967DFF3-4E06-4CB3-964C-FE9BB5444CE9}.Debug|Any CPU.Build.0 = Debug|Any CPU
		{D967DFF3-4E06-4CB3-964C-FE9BB5444CE9}.Release|Any CPU.ActiveCfg = Release|Any CPU
		{D967DFF3-4E06-4CB3-964C-FE9BB5444CE9}.Release|Any CPU.Build.0 = Release|Any CPU
		{767F8E60-587D-4835-A8BB-293B15C32AB7}.Debug|Any CPU.ActiveCfg = Debug|Any CPU
		{767F8E60-587D-4835-A8BB-293B15C32AB7}.Debug|Any CPU.Build.0 = Debug|Any CPU
		{767F8E60-587D-4835-A8BB-293B15C32AB7}.Release|Any CPU.ActiveCfg = Release|Any CPU
		{767F8E60-587D-4835-A8BB-293B15C32AB7}.Release|Any CPU.Build.0 = Release|Any CPU
		{8F52D90B-E238-4BCC-BB68-6CF5B876DEEB}.Debug|Any CPU.ActiveCfg = Debug|Any CPU
		{8F52D90B-E238-4BCC-BB68-6CF5B876DEEB}.Debug|Any CPU.Build.0 = Debug|Any CPU
		{8F52D90B-E238-4BCC-BB68-6CF5B876DEEB}.Release|Any CPU.ActiveCfg = Release|Any CPU
		{8F52D90B-E238-4BCC-BB68-6CF5B876DEEB}.Release|Any CPU.Build.0 = Release|Any CPU
		{CF2F2E5D-04D8-4AFD-B528-C0073231E03A}.Debug|Any CPU.ActiveCfg = Debug|Any CPU
		{CF2F2E5D-04D8-4AFD-B528-C0073231E03A}.Debug|Any CPU.Build.0 = Debug|Any CPU
		{CF2F2E5D-04D8-4AFD-B528-C0073231E03A}.Release|Any CPU.ActiveCfg = Release|Any CPU
		{CF2F2E5D-04D8-4AFD-B528-C0073231E03A}.Release|Any CPU.Build.0 = Release|Any CPU
		{969E9025-C973-442D-B15E-ED760F78F3D1}.Debug|Any CPU.ActiveCfg = Debug|Any CPU
		{969E9025-C973-442D-B15E-ED760F78F3D1}.Debug|Any CPU.Build.0 = Debug|Any CPU
		{969E9025-C973-442D-B15E-ED760F78F3D1}.Release|Any CPU.ActiveCfg = Release|Any CPU
		{969E9025-C973-442D-B15E-ED760F78F3D1}.Release|Any CPU.Build.0 = Release|Any CPU
		{EFD86E29-3121-411C-B5A4-81B7B1DFB933}.Debug|Any CPU.ActiveCfg = Debug|Any CPU
		{EFD86E29-3121-411C-B5A4-81B7B1DFB933}.Debug|Any CPU.Build.0 = Debug|Any CPU
		{EFD86E29-3121-411C-B5A4-81B7B1DFB933}.Release|Any CPU.ActiveCfg = Release|Any CPU
		{EFD86E29-3121-411C-B5A4-81B7B1DFB933}.Release|Any CPU.Build.0 = Release|Any CPU
		{F6E0655D-3EE7-4E38-825C-1B4C75DD2017}.Debug|Any CPU.ActiveCfg = Debug|Any CPU
		{F6E0655D-3EE7-4E38-825C-1B4C75DD2017}.Debug|Any CPU.Build.0 = Debug|Any CPU
		{F6E0655D-3EE7-4E38-825C-1B4C75DD2017}.Release|Any CPU.ActiveCfg = Release|Any CPU
		{F6E0655D-3EE7-4E38-825C-1B4C75DD2017}.Release|Any CPU.Build.0 = Release|Any CPU
		{6FA1F884-EE9E-4253-9249-0C262E0A2FD9}.Debug|Any CPU.ActiveCfg = Debug|Any CPU
		{6FA1F884-EE9E-4253-9249-0C262E0A2FD9}.Debug|Any CPU.Build.0 = Debug|Any CPU
		{6FA1F884-EE9E-4253-9249-0C262E0A2FD9}.Release|Any CPU.ActiveCfg = Release|Any CPU
		{6FA1F884-EE9E-4253-9249-0C262E0A2FD9}.Release|Any CPU.Build.0 = Release|Any CPU
		{F0F8B014-7A3B-40B0-AD3A-BCB34C9B8335}.Debug|Any CPU.ActiveCfg = Debug|Any CPU
		{F0F8B014-7A3B-40B0-AD3A-BCB34C9B8335}.Debug|Any CPU.Build.0 = Debug|Any CPU
		{F0F8B014-7A3B-40B0-AD3A-BCB34C9B8335}.Release|Any CPU.ActiveCfg = Release|Any CPU
		{F0F8B014-7A3B-40B0-AD3A-BCB34C9B8335}.Release|Any CPU.Build.0 = Release|Any CPU
		{FCC25AE4-6ACC-4706-8033-CD8147993ACC}.Debug|Any CPU.ActiveCfg = Debug|Any CPU
		{FCC25AE4-6ACC-4706-8033-CD8147993ACC}.Debug|Any CPU.Build.0 = Debug|Any CPU
		{FCC25AE4-6ACC-4706-8033-CD8147993ACC}.Release|Any CPU.ActiveCfg = Release|Any CPU
		{FCC25AE4-6ACC-4706-8033-CD8147993ACC}.Release|Any CPU.Build.0 = Release|Any CPU
		{BFB7176B-75CF-43FD-BFF7-CB32C845DD4F}.Debug|Any CPU.ActiveCfg = Debug|Any CPU
		{BFB7176B-75CF-43FD-BFF7-CB32C845DD4F}.Debug|Any CPU.Build.0 = Debug|Any CPU
		{BFB7176B-75CF-43FD-BFF7-CB32C845DD4F}.Release|Any CPU.ActiveCfg = Release|Any CPU
		{BFB7176B-75CF-43FD-BFF7-CB32C845DD4F}.Release|Any CPU.Build.0 = Release|Any CPU
		{13378B7F-3A7F-4E6C-A877-85EA1B645FD0}.Debug|Any CPU.ActiveCfg = Debug|Any CPU
		{13378B7F-3A7F-4E6C-A877-85EA1B645FD0}.Debug|Any CPU.Build.0 = Debug|Any CPU
		{13378B7F-3A7F-4E6C-A877-85EA1B645FD0}.Release|Any CPU.ActiveCfg = Release|Any CPU
		{13378B7F-3A7F-4E6C-A877-85EA1B645FD0}.Release|Any CPU.Build.0 = Release|Any CPU
		{847AB6F6-5001-4E32-8DD3-A76C75927E71}.Debug|Any CPU.ActiveCfg = Debug|Any CPU
		{847AB6F6-5001-4E32-8DD3-A76C75927E71}.Debug|Any CPU.Build.0 = Debug|Any CPU
		{847AB6F6-5001-4E32-8DD3-A76C75927E71}.Release|Any CPU.ActiveCfg = Release|Any CPU
		{847AB6F6-5001-4E32-8DD3-A76C75927E71}.Release|Any CPU.Build.0 = Release|Any CPU
		{DC686DB3-33D8-4ABA-852E-A10BA71CA40E}.Debug|Any CPU.ActiveCfg = Debug|Any CPU
		{DC686DB3-33D8-4ABA-852E-A10BA71CA40E}.Debug|Any CPU.Build.0 = Debug|Any CPU
		{DC686DB3-33D8-4ABA-852E-A10BA71CA40E}.Release|Any CPU.ActiveCfg = Release|Any CPU
		{DC686DB3-33D8-4ABA-852E-A10BA71CA40E}.Release|Any CPU.Build.0 = Release|Any CPU
		{9256E130-ACAD-4C0D-A12C-BD2FBA686D71}.Debug|Any CPU.ActiveCfg = Debug|Any CPU
		{9256E130-ACAD-4C0D-A12C-BD2FBA686D71}.Debug|Any CPU.Build.0 = Debug|Any CPU
		{9256E130-ACAD-4C0D-A12C-BD2FBA686D71}.Release|Any CPU.ActiveCfg = Release|Any CPU
		{9256E130-ACAD-4C0D-A12C-BD2FBA686D71}.Release|Any CPU.Build.0 = Release|Any CPU
		{58136F8D-F4B8-4805-9EA5-4B18A50CA794}.Debug|Any CPU.ActiveCfg = Debug|Any CPU
		{58136F8D-F4B8-4805-9EA5-4B18A50CA794}.Debug|Any CPU.Build.0 = Debug|Any CPU
		{58136F8D-F4B8-4805-9EA5-4B18A50CA794}.Release|Any CPU.ActiveCfg = Release|Any CPU
		{58136F8D-F4B8-4805-9EA5-4B18A50CA794}.Release|Any CPU.Build.0 = Release|Any CPU
		{59AF7615-B579-435F-BCBC-4E768885FE84}.Debug|Any CPU.ActiveCfg = Debug|Any CPU
		{59AF7615-B579-435F-BCBC-4E768885FE84}.Debug|Any CPU.Build.0 = Debug|Any CPU
		{59AF7615-B579-435F-BCBC-4E768885FE84}.Release|Any CPU.ActiveCfg = Release|Any CPU
		{59AF7615-B579-435F-BCBC-4E768885FE84}.Release|Any CPU.Build.0 = Release|Any CPU
		{B3B1CCA0-7B80-42AC-9194-BAA98B8CF00C}.Debug|Any CPU.ActiveCfg = Debug|Any CPU
		{B3B1CCA0-7B80-42AC-9194-BAA98B8CF00C}.Debug|Any CPU.Build.0 = Debug|Any CPU
		{B3B1CCA0-7B80-42AC-9194-BAA98B8CF00C}.Release|Any CPU.ActiveCfg = Release|Any CPU
		{B3B1CCA0-7B80-42AC-9194-BAA98B8CF00C}.Release|Any CPU.Build.0 = Release|Any CPU
		{46DBEF14-7964-4E6C-98E0-B3B35D944FA2}.Debug|Any CPU.ActiveCfg = Debug|Any CPU
		{46DBEF14-7964-4E6C-98E0-B3B35D944FA2}.Debug|Any CPU.Build.0 = Debug|Any CPU
		{46DBEF14-7964-4E6C-98E0-B3B35D944FA2}.Release|Any CPU.ActiveCfg = Release|Any CPU
		{46DBEF14-7964-4E6C-98E0-B3B35D944FA2}.Release|Any CPU.Build.0 = Release|Any CPU
		{A6EB6BF8-2C89-4966-9D3C-F70D888A2156}.Debug|Any CPU.ActiveCfg = Debug|Any CPU
		{A6EB6BF8-2C89-4966-9D3C-F70D888A2156}.Debug|Any CPU.Build.0 = Debug|Any CPU
		{A6EB6BF8-2C89-4966-9D3C-F70D888A2156}.Release|Any CPU.ActiveCfg = Release|Any CPU
		{A6EB6BF8-2C89-4966-9D3C-F70D888A2156}.Release|Any CPU.Build.0 = Release|Any CPU
		{F410D9E0-B521-4E7B-977D-248F7DF796D0}.Debug|Any CPU.ActiveCfg = Debug|Any CPU
		{F410D9E0-B521-4E7B-977D-248F7DF796D0}.Debug|Any CPU.Build.0 = Debug|Any CPU
		{F410D9E0-B521-4E7B-977D-248F7DF796D0}.Release|Any CPU.ActiveCfg = Release|Any CPU
		{F410D9E0-B521-4E7B-977D-248F7DF796D0}.Release|Any CPU.Build.0 = Release|Any CPU
		{83420DC6-89B9-49B9-8C70-FB81A1BAE931}.Debug|Any CPU.ActiveCfg = Debug|Any CPU
		{83420DC6-89B9-49B9-8C70-FB81A1BAE931}.Debug|Any CPU.Build.0 = Debug|Any CPU
		{83420DC6-89B9-49B9-8C70-FB81A1BAE931}.Release|Any CPU.ActiveCfg = Release|Any CPU
		{83420DC6-89B9-49B9-8C70-FB81A1BAE931}.Release|Any CPU.Build.0 = Release|Any CPU
		{91D17A20-D4E1-42DA-8575-816169188ED8}.Debug|Any CPU.ActiveCfg = Debug|Any CPU
		{91D17A20-D4E1-42DA-8575-816169188ED8}.Debug|Any CPU.Build.0 = Debug|Any CPU
		{91D17A20-D4E1-42DA-8575-816169188ED8}.Release|Any CPU.ActiveCfg = Release|Any CPU
		{91D17A20-D4E1-42DA-8575-816169188ED8}.Release|Any CPU.Build.0 = Release|Any CPU
		{218EF2A4-4C81-458F-B6A0-931FB5EF0215}.Debug|Any CPU.ActiveCfg = Debug|Any CPU
		{218EF2A4-4C81-458F-B6A0-931FB5EF0215}.Debug|Any CPU.Build.0 = Debug|Any CPU
		{218EF2A4-4C81-458F-B6A0-931FB5EF0215}.Release|Any CPU.ActiveCfg = Release|Any CPU
		{218EF2A4-4C81-458F-B6A0-931FB5EF0215}.Release|Any CPU.Build.0 = Release|Any CPU
		{5E414B6C-D95F-42D1-A4EA-0243AB8F2AD5}.Debug|Any CPU.ActiveCfg = Debug|Any CPU
		{5E414B6C-D95F-42D1-A4EA-0243AB8F2AD5}.Debug|Any CPU.Build.0 = Debug|Any CPU
		{5E414B6C-D95F-42D1-A4EA-0243AB8F2AD5}.Release|Any CPU.ActiveCfg = Release|Any CPU
		{5E414B6C-D95F-42D1-A4EA-0243AB8F2AD5}.Release|Any CPU.Build.0 = Release|Any CPU
		{CCDDC8F6-CC8D-4802-AA4A-65AE9673F501}.Debug|Any CPU.ActiveCfg = Debug|Any CPU
		{CCDDC8F6-CC8D-4802-AA4A-65AE9673F501}.Debug|Any CPU.Build.0 = Debug|Any CPU
		{CCDDC8F6-CC8D-4802-AA4A-65AE9673F501}.Release|Any CPU.ActiveCfg = Release|Any CPU
		{CCDDC8F6-CC8D-4802-AA4A-65AE9673F501}.Release|Any CPU.Build.0 = Release|Any CPU
		{8CA3A6F1-1C21-4A97-8CB5-D9DCA2642100}.Debug|Any CPU.ActiveCfg = Debug|Any CPU
		{8CA3A6F1-1C21-4A97-8CB5-D9DCA2642100}.Debug|Any CPU.Build.0 = Debug|Any CPU
		{8CA3A6F1-1C21-4A97-8CB5-D9DCA2642100}.Release|Any CPU.ActiveCfg = Release|Any CPU
		{8CA3A6F1-1C21-4A97-8CB5-D9DCA2642100}.Release|Any CPU.Build.0 = Release|Any CPU
		{0872F18B-7581-442D-A5A4-31205D82E022}.Debug|Any CPU.ActiveCfg = Debug|Any CPU
		{0872F18B-7581-442D-A5A4-31205D82E022}.Debug|Any CPU.Build.0 = Debug|Any CPU
		{0872F18B-7581-442D-A5A4-31205D82E022}.Release|Any CPU.ActiveCfg = Release|Any CPU
		{0872F18B-7581-442D-A5A4-31205D82E022}.Release|Any CPU.Build.0 = Release|Any CPU
		{F4194E15-8A1E-4D0F-B21A-9CE8EBF58845}.Debug|Any CPU.ActiveCfg = Debug|Any CPU
		{F4194E15-8A1E-4D0F-B21A-9CE8EBF58845}.Debug|Any CPU.Build.0 = Debug|Any CPU
		{F4194E15-8A1E-4D0F-B21A-9CE8EBF58845}.Release|Any CPU.ActiveCfg = Release|Any CPU
		{F4194E15-8A1E-4D0F-B21A-9CE8EBF58845}.Release|Any CPU.Build.0 = Release|Any CPU
		{D3207350-DD42-4933-B4A4-87F39AC4D3AF}.Debug|Any CPU.ActiveCfg = Debug|Any CPU
		{D3207350-DD42-4933-B4A4-87F39AC4D3AF}.Debug|Any CPU.Build.0 = Debug|Any CPU
		{D3207350-DD42-4933-B4A4-87F39AC4D3AF}.Release|Any CPU.ActiveCfg = Release|Any CPU
		{D3207350-DD42-4933-B4A4-87F39AC4D3AF}.Release|Any CPU.Build.0 = Release|Any CPU
		{FCF00ACB-74CE-47F7-84D2-CE23E561D5D8}.Debug|Any CPU.ActiveCfg = Debug|Any CPU
		{FCF00ACB-74CE-47F7-84D2-CE23E561D5D8}.Debug|Any CPU.Build.0 = Debug|Any CPU
		{FCF00ACB-74CE-47F7-84D2-CE23E561D5D8}.Release|Any CPU.ActiveCfg = Release|Any CPU
		{FCF00ACB-74CE-47F7-84D2-CE23E561D5D8}.Release|Any CPU.Build.0 = Release|Any CPU
		{77B7DCBA-EECE-4EB6-9608-220F9A409EC7}.Debug|Any CPU.ActiveCfg = Debug|Any CPU
		{77B7DCBA-EECE-4EB6-9608-220F9A409EC7}.Debug|Any CPU.Build.0 = Debug|Any CPU
		{77B7DCBA-EECE-4EB6-9608-220F9A409EC7}.Release|Any CPU.ActiveCfg = Release|Any CPU
		{77B7DCBA-EECE-4EB6-9608-220F9A409EC7}.Release|Any CPU.Build.0 = Release|Any CPU
		{0E5B0AF7-8422-4D9B-824E-0DDADB95F97B}.Debug|Any CPU.ActiveCfg = Debug|Any CPU
		{0E5B0AF7-8422-4D9B-824E-0DDADB95F97B}.Debug|Any CPU.Build.0 = Debug|Any CPU
		{0E5B0AF7-8422-4D9B-824E-0DDADB95F97B}.Release|Any CPU.ActiveCfg = Release|Any CPU
		{0E5B0AF7-8422-4D9B-824E-0DDADB95F97B}.Release|Any CPU.Build.0 = Release|Any CPU
		{40348BB3-3051-4C2E-9B60-2B8B4A3B8A8B}.Debug|Any CPU.ActiveCfg = Debug|Any CPU
		{40348BB3-3051-4C2E-9B60-2B8B4A3B8A8B}.Debug|Any CPU.Build.0 = Debug|Any CPU
		{40348BB3-3051-4C2E-9B60-2B8B4A3B8A8B}.Release|Any CPU.ActiveCfg = Release|Any CPU
		{40348BB3-3051-4C2E-9B60-2B8B4A3B8A8B}.Release|Any CPU.Build.0 = Release|Any CPU
		{B592FC58-EB53-47CF-9B29-E9D837A465D7}.Debug|Any CPU.ActiveCfg = Debug|Any CPU
		{B592FC58-EB53-47CF-9B29-E9D837A465D7}.Debug|Any CPU.Build.0 = Debug|Any CPU
		{B592FC58-EB53-47CF-9B29-E9D837A465D7}.Release|Any CPU.ActiveCfg = Release|Any CPU
		{B592FC58-EB53-47CF-9B29-E9D837A465D7}.Release|Any CPU.Build.0 = Release|Any CPU
		{B7EDEB26-3E78-4394-9637-65260A49DF40}.Debug|Any CPU.ActiveCfg = Debug|Any CPU
		{B7EDEB26-3E78-4394-9637-65260A49DF40}.Debug|Any CPU.Build.0 = Debug|Any CPU
		{B7EDEB26-3E78-4394-9637-65260A49DF40}.Release|Any CPU.ActiveCfg = Release|Any CPU
		{B7EDEB26-3E78-4394-9637-65260A49DF40}.Release|Any CPU.Build.0 = Release|Any CPU
		{B73D1A9E-05CF-4311-A948-247A85CBCA70}.Debug|Any CPU.ActiveCfg = Debug|Any CPU
		{B73D1A9E-05CF-4311-A948-247A85CBCA70}.Debug|Any CPU.Build.0 = Debug|Any CPU
		{B73D1A9E-05CF-4311-A948-247A85CBCA70}.Release|Any CPU.ActiveCfg = Release|Any CPU
		{B73D1A9E-05CF-4311-A948-247A85CBCA70}.Release|Any CPU.Build.0 = Release|Any CPU
		{D3D033AF-A152-44B8-A5B6-7A7525CBC370}.Debug|Any CPU.ActiveCfg = Debug|Any CPU
		{D3D033AF-A152-44B8-A5B6-7A7525CBC370}.Debug|Any CPU.Build.0 = Debug|Any CPU
		{D3D033AF-A152-44B8-A5B6-7A7525CBC370}.Release|Any CPU.ActiveCfg = Release|Any CPU
		{D3D033AF-A152-44B8-A5B6-7A7525CBC370}.Release|Any CPU.Build.0 = Release|Any CPU
		{202040BD-867C-4494-8F23-6793C39FEF25}.Debug|Any CPU.ActiveCfg = Debug|Any CPU
		{202040BD-867C-4494-8F23-6793C39FEF25}.Debug|Any CPU.Build.0 = Debug|Any CPU
		{202040BD-867C-4494-8F23-6793C39FEF25}.Release|Any CPU.ActiveCfg = Release|Any CPU
		{202040BD-867C-4494-8F23-6793C39FEF25}.Release|Any CPU.Build.0 = Release|Any CPU
	EndGlobalSection
	GlobalSection(SolutionProperties) = preSolution
		HideSolutionNode = FALSE
	EndGlobalSection
	GlobalSection(ExtensibilityGlobals) = postSolution
		SolutionGuid = {285E68E3-C27E-456D-BD64-CE0B1F7760E5}
	EndGlobalSection
EndGlobal
