
Microsoft Visual Studio Solution File, Format Version 12.00
# Visual Studio Version 17
VisualStudioVersion = 17.3.32721.290
MinimumVisualStudioVersion = 10.0.40219.1
Project("{9A19103F-16F7-4668-BE54-9A1E7A4F7556}") = "Problem1.TwoSum", "Problem1.TwoSum\Problem1.TwoSum.csproj", "{1972EDC8-4697-4DB1-916A-F7A3DC87C741}"
EndProject
Project("{9A19103F-16F7-4668-BE54-9A1E7A4F7556}") = "Problem2.Add_Two_Number", "Problem2.Add_Two_Number\Problem2.Add_Two_Number.csproj", "{4B7FDBC5-BC3C-4981-A6AC-4929D06D36BB}"
EndProject
Project("{9A19103F-16F7-4668-BE54-9A1E7A4F7556}") = "Problem3.Longest_SubString", "Problem3.Longest_SubString\Problem3.Longest_SubString.csproj", "{EFC71B16-2027-4EE8-9EEC-1D42657164C8}"
EndProject
Project("{9A19103F-16F7-4668-BE54-9A1E7A4F7556}") = "Problem4.MedianSortArray", "Problem4.MedianSortArray\Problem4.MedianSortArray.csproj", "{A6B13193-505C-48DE-9C96-31FBE63C65EB}"
EndProject
Project("{9A19103F-16F7-4668-BE54-9A1E7A4F7556}") = "Problem5.LongPaSubString", "Problem5.LongPaSubString\Problem5.LongPaSubString.csproj", "{82BDD0D3-B950-4723-BE4C-2E2BE96038B9}"
EndProject
Project("{9A19103F-16F7-4668-BE54-9A1E7A4F7556}") = "Problem6.ZigzagConversion", "Problem6.ZigzagConversion\Problem6.ZigzagConversion.csproj", "{8D897968-AB27-4E08-B1DD-773CDB5E6ADA}"
EndProject
Project("{9A19103F-16F7-4668-BE54-9A1E7A4F7556}") = "Problem7.ReverseInteger", "Problem7.ReverseInteger\Problem7.ReverseInteger.csproj", "{4A667D27-D28F-4F95-AE7B-59B40FF14AB5}"
EndProject
Project("{9A19103F-16F7-4668-BE54-9A1E7A4F7556}") = "Problem8.StringToInteger", "Problem8.StringToInteger\Problem8.StringToInteger.csproj", "{8BE0D8F1-4E8E-41E4-A2AF-13A7D1EB4FC7}"
EndProject
Project("{9A19103F-16F7-4668-BE54-9A1E7A4F7556}") = "Problem9.Palindrome_Number", "Problem9.Palindrome_Number\Problem9.Palindrome_Number.csproj", "{9D135173-FF08-491F-9469-D5E5FADBE18B}"
EndProject
Project("{9A19103F-16F7-4668-BE54-9A1E7A4F7556}") = "Problem9_11.Contain_Most_Water", "Problem11.Contain_Most_Water\Problem9_11.Contain_Most_Water.csproj", "{F1257BBC-1206-478A-8503-4CFCF6508DF4}"
EndProject
Project("{9A19103F-16F7-4668-BE54-9A1E7A4F7556}") = "Problem9_11.Contain_With_Most_Water", "Problem9_11.Contain_With_Most_Water\Problem9_11.Contain_With_Most_Water.csproj", "{A862CA05-7E3A-40E7-B072-D114F073A138}"
EndProject
Project("{9A19103F-16F7-4668-BE54-9A1E7A4F7556}") = "Problem9_15.3Sum", "Problem9_15.3Sum\Problem9_15.3Sum.csproj", "{F4BF1986-72BD-45D2-B1C0-8157DC7A904F}"
EndProject
Project("{9A19103F-16F7-4668-BE54-9A1E7A4F7556}") = "Problem98_Validate Binary Search Tree", "Problem98_Validate Binary Search Tree\Problem98_Validate Binary Search Tree.csproj", "{02C6004C-FA24-49A8-B672-FB0B85E368EA}"
EndProject
Project("{9A19103F-16F7-4668-BE54-9A1E7A4F7556}") = "Problem9_41_ First Missing Positive", "Problem9_41_ First Missing Positive\Problem9_41_ First Missing Positive.csproj", "{1042672F-5B08-4D8F-997C-ACB45F88C129}"
EndProject
Project("{9A19103F-16F7-4668-BE54-9A1E7A4F7556}") = "Problem9_219.Contains Duplicate II", "Problem9_219.Contains Duplicate II\Problem9_219.Contains Duplicate II.csproj", "{A019D589-D931-4B3D-A21B-8F12280AA265}"
EndProject
Project("{9A19103F-16F7-4668-BE54-9A1E7A4F7556}") = "Problem9_229.Majority Element II", "Problem9_229.Majority Element II\Problem9_229.Majority Element II.csproj", "{BCEF3D72-6D05-44AB-B0EC-3FE67851195C}"
EndProject
Project("{9A19103F-16F7-4668-BE54-9A1E7A4F7556}") = "Problem9_36_Valid_Sodoku", "Problem9_36_Valid_Sodoku\Problem9_36_Valid_Sodoku.csproj", "{F91BE541-F962-4E52-A2F1-696774EDE855}"
EndProject
Project("{9A19103F-16F7-4668-BE54-9A1E7A4F7556}") = "Problem9_74.Search _A_2D_Matrix", "Problem9_74.Search _A_2D_Matrix\Problem9_74.Search _A_2D_Matrix.csproj", "{E18ECFEC-3E1B-41F1-A45E-C56119ED386F}"
EndProject
Project("{9A19103F-16F7-4668-BE54-9A1E7A4F7556}") = "Problem9_74. Search a 2D Matrix2", "Problem9_74. Search a 2D Matrix2\Problem9_74. Search a 2D Matrix2.csproj", "{9BB2561D-309B-4F9F-BBA5-A43D39064E16}"
EndProject
Project("{FAE04EC0-301F-11D3-BF4B-00C04F79EFBC}") = "Problem9_33.33. Search in Rotated Sorted Array", "Problem9_33.33. Search in Rotated Sorted Array\Problem9_33.33. Search in Rotated Sorted Array.csproj", "{7EA31298-CF01-4634-9F78-08E90DD9D286}"
EndProject
Project("{FAE04EC0-301F-11D3-BF4B-00C04F79EFBC}") = "Problem9_169. Majority Element", "Problem9_169. Majority Element\Problem9_169. Majority Element.csproj", "{2931F6A4-D4C9-4F5F-8329-816F05386A80}"
EndProject
Project("{FAE04EC0-301F-11D3-BF4B-00C04F79EFBC}") = "Problem9_73. Set Matrix Zeroes", "Problem9_73. Set Matrix Zeroes\Problem9_73. Set Matrix Zeroes.csproj", "{D6987839-8B0B-4465-BB8E-B8F096183722}"
EndProject
Project("{FAE04EC0-301F-11D3-BF4B-00C04F79EFBC}") = "Problem9_268. Missing Number", "Problem9_268. Missing Number\Problem9_268. Missing Number.csproj", "{7F4C7066-F517-42E5-852B-01D96A7D8888}"
EndProject
Project("{FAE04EC0-301F-11D3-BF4B-00C04F79EFBC}") = "Problem9.242. Valid Anagram", "Problem9.242. Valid Anagram\Problem9.242. Valid Anagram.csproj", "{AE683C65-FE44-4419-9CAC-42D1A73D1EE6}"
EndProject
Global
	GlobalSection(SolutionConfigurationPlatforms) = preSolution
		Debug|Any CPU = Debug|Any CPU
		Release|Any CPU = Release|Any CPU
	EndGlobalSection
	GlobalSection(ProjectConfigurationPlatforms) = postSolution
		{1972EDC8-4697-4DB1-916A-F7A3DC87C741}.Debug|Any CPU.ActiveCfg = Debug|Any CPU
		{1972EDC8-4697-4DB1-916A-F7A3DC87C741}.Debug|Any CPU.Build.0 = Debug|Any CPU
		{1972EDC8-4697-4DB1-916A-F7A3DC87C741}.Release|Any CPU.ActiveCfg = Release|Any CPU
		{1972EDC8-4697-4DB1-916A-F7A3DC87C741}.Release|Any CPU.Build.0 = Release|Any CPU
		{4B7FDBC5-BC3C-4981-A6AC-4929D06D36BB}.Debug|Any CPU.ActiveCfg = Debug|Any CPU
		{4B7FDBC5-BC3C-4981-A6AC-4929D06D36BB}.Debug|Any CPU.Build.0 = Debug|Any CPU
		{4B7FDBC5-BC3C-4981-A6AC-4929D06D36BB}.Release|Any CPU.ActiveCfg = Release|Any CPU
		{4B7FDBC5-BC3C-4981-A6AC-4929D06D36BB}.Release|Any CPU.Build.0 = Release|Any CPU
		{EFC71B16-2027-4EE8-9EEC-1D42657164C8}.Debug|Any CPU.ActiveCfg = Debug|Any CPU
		{EFC71B16-2027-4EE8-9EEC-1D42657164C8}.Debug|Any CPU.Build.0 = Debug|Any CPU
		{EFC71B16-2027-4EE8-9EEC-1D42657164C8}.Release|Any CPU.ActiveCfg = Release|Any CPU
		{EFC71B16-2027-4EE8-9EEC-1D42657164C8}.Release|Any CPU.Build.0 = Release|Any CPU
		{A6B13193-505C-48DE-9C96-31FBE63C65EB}.Debug|Any CPU.ActiveCfg = Debug|Any CPU
		{A6B13193-505C-48DE-9C96-31FBE63C65EB}.Debug|Any CPU.Build.0 = Debug|Any CPU
		{A6B13193-505C-48DE-9C96-31FBE63C65EB}.Release|Any CPU.ActiveCfg = Release|Any CPU
		{A6B13193-505C-48DE-9C96-31FBE63C65EB}.Release|Any CPU.Build.0 = Release|Any CPU
		{82BDD0D3-B950-4723-BE4C-2E2BE96038B9}.Debug|Any CPU.ActiveCfg = Debug|Any CPU
		{82BDD0D3-B950-4723-BE4C-2E2BE96038B9}.Debug|Any CPU.Build.0 = Debug|Any CPU
		{82BDD0D3-B950-4723-BE4C-2E2BE96038B9}.Release|Any CPU.ActiveCfg = Release|Any CPU
		{82BDD0D3-B950-4723-BE4C-2E2BE96038B9}.Release|Any CPU.Build.0 = Release|Any CPU
		{8D897968-AB27-4E08-B1DD-773CDB5E6ADA}.Debug|Any CPU.ActiveCfg = Debug|Any CPU
		{8D897968-AB27-4E08-B1DD-773CDB5E6ADA}.Debug|Any CPU.Build.0 = Debug|Any CPU
		{8D897968-AB27-4E08-B1DD-773CDB5E6ADA}.Release|Any CPU.ActiveCfg = Release|Any CPU
		{8D897968-AB27-4E08-B1DD-773CDB5E6ADA}.Release|Any CPU.Build.0 = Release|Any CPU
		{4A667D27-D28F-4F95-AE7B-59B40FF14AB5}.Debug|Any CPU.ActiveCfg = Debug|Any CPU
		{4A667D27-D28F-4F95-AE7B-59B40FF14AB5}.Debug|Any CPU.Build.0 = Debug|Any CPU
		{4A667D27-D28F-4F95-AE7B-59B40FF14AB5}.Release|Any CPU.ActiveCfg = Release|Any CPU
		{4A667D27-D28F-4F95-AE7B-59B40FF14AB5}.Release|Any CPU.Build.0 = Release|Any CPU
		{8BE0D8F1-4E8E-41E4-A2AF-13A7D1EB4FC7}.Debug|Any CPU.ActiveCfg = Debug|Any CPU
		{8BE0D8F1-4E8E-41E4-A2AF-13A7D1EB4FC7}.Debug|Any CPU.Build.0 = Debug|Any CPU
		{8BE0D8F1-4E8E-41E4-A2AF-13A7D1EB4FC7}.Release|Any CPU.ActiveCfg = Release|Any CPU
		{8BE0D8F1-4E8E-41E4-A2AF-13A7D1EB4FC7}.Release|Any CPU.Build.0 = Release|Any CPU
		{9D135173-FF08-491F-9469-D5E5FADBE18B}.Debug|Any CPU.ActiveCfg = Debug|Any CPU
		{9D135173-FF08-491F-9469-D5E5FADBE18B}.Debug|Any CPU.Build.0 = Debug|Any CPU
		{9D135173-FF08-491F-9469-D5E5FADBE18B}.Release|Any CPU.ActiveCfg = Release|Any CPU
		{9D135173-FF08-491F-9469-D5E5FADBE18B}.Release|Any CPU.Build.0 = Release|Any CPU
		{F1257BBC-1206-478A-8503-4CFCF6508DF4}.Debug|Any CPU.ActiveCfg = Debug|Any CPU
		{F1257BBC-1206-478A-8503-4CFCF6508DF4}.Debug|Any CPU.Build.0 = Debug|Any CPU
		{F1257BBC-1206-478A-8503-4CFCF6508DF4}.Release|Any CPU.ActiveCfg = Release|Any CPU
		{F1257BBC-1206-478A-8503-4CFCF6508DF4}.Release|Any CPU.Build.0 = Release|Any CPU
		{A862CA05-7E3A-40E7-B072-D114F073A138}.Debug|Any CPU.ActiveCfg = Debug|Any CPU
		{A862CA05-7E3A-40E7-B072-D114F073A138}.Debug|Any CPU.Build.0 = Debug|Any CPU
		{A862CA05-7E3A-40E7-B072-D114F073A138}.Release|Any CPU.ActiveCfg = Release|Any CPU
		{A862CA05-7E3A-40E7-B072-D114F073A138}.Release|Any CPU.Build.0 = Release|Any CPU
		{F4BF1986-72BD-45D2-B1C0-8157DC7A904F}.Debug|Any CPU.ActiveCfg = Debug|Any CPU
		{F4BF1986-72BD-45D2-B1C0-8157DC7A904F}.Debug|Any CPU.Build.0 = Debug|Any CPU
		{F4BF1986-72BD-45D2-B1C0-8157DC7A904F}.Release|Any CPU.ActiveCfg = Release|Any CPU
		{F4BF1986-72BD-45D2-B1C0-8157DC7A904F}.Release|Any CPU.Build.0 = Release|Any CPU
		{02C6004C-FA24-49A8-B672-FB0B85E368EA}.Debug|Any CPU.ActiveCfg = Debug|Any CPU
		{02C6004C-FA24-49A8-B672-FB0B85E368EA}.Debug|Any CPU.Build.0 = Debug|Any CPU
		{02C6004C-FA24-49A8-B672-FB0B85E368EA}.Release|Any CPU.ActiveCfg = Release|Any CPU
		{02C6004C-FA24-49A8-B672-FB0B85E368EA}.Release|Any CPU.Build.0 = Release|Any CPU
		{1042672F-5B08-4D8F-997C-ACB45F88C129}.Debug|Any CPU.ActiveCfg = Debug|Any CPU
		{1042672F-5B08-4D8F-997C-ACB45F88C129}.Debug|Any CPU.Build.0 = Debug|Any CPU
		{1042672F-5B08-4D8F-997C-ACB45F88C129}.Release|Any CPU.ActiveCfg = Release|Any CPU
		{1042672F-5B08-4D8F-997C-ACB45F88C129}.Release|Any CPU.Build.0 = Release|Any CPU
		{A019D589-D931-4B3D-A21B-8F12280AA265}.Debug|Any CPU.ActiveCfg = Debug|Any CPU
		{A019D589-D931-4B3D-A21B-8F12280AA265}.Debug|Any CPU.Build.0 = Debug|Any CPU
		{A019D589-D931-4B3D-A21B-8F12280AA265}.Release|Any CPU.ActiveCfg = Release|Any CPU
		{A019D589-D931-4B3D-A21B-8F12280AA265}.Release|Any CPU.Build.0 = Release|Any CPU
		{BCEF3D72-6D05-44AB-B0EC-3FE67851195C}.Debug|Any CPU.ActiveCfg = Debug|Any CPU
		{BCEF3D72-6D05-44AB-B0EC-3FE67851195C}.Debug|Any CPU.Build.0 = Debug|Any CPU
		{BCEF3D72-6D05-44AB-B0EC-3FE67851195C}.Release|Any CPU.ActiveCfg = Release|Any CPU
		{BCEF3D72-6D05-44AB-B0EC-3FE67851195C}.Release|Any CPU.Build.0 = Release|Any CPU
		{F91BE541-F962-4E52-A2F1-696774EDE855}.Debug|Any CPU.ActiveCfg = Debug|Any CPU
		{F91BE541-F962-4E52-A2F1-696774EDE855}.Debug|Any CPU.Build.0 = Debug|Any CPU
		{F91BE541-F962-4E52-A2F1-696774EDE855}.Release|Any CPU.ActiveCfg = Release|Any CPU
		{F91BE541-F962-4E52-A2F1-696774EDE855}.Release|Any CPU.Build.0 = Release|Any CPU
		{E18ECFEC-3E1B-41F1-A45E-C56119ED386F}.Debug|Any CPU.ActiveCfg = Debug|Any CPU
		{E18ECFEC-3E1B-41F1-A45E-C56119ED386F}.Debug|Any CPU.Build.0 = Debug|Any CPU
		{E18ECFEC-3E1B-41F1-A45E-C56119ED386F}.Release|Any CPU.ActiveCfg = Release|Any CPU
		{E18ECFEC-3E1B-41F1-A45E-C56119ED386F}.Release|Any CPU.Build.0 = Release|Any CPU
		{9BB2561D-309B-4F9F-BBA5-A43D39064E16}.Debug|Any CPU.ActiveCfg = Debug|Any CPU
		{9BB2561D-309B-4F9F-BBA5-A43D39064E16}.Debug|Any CPU.Build.0 = Debug|Any CPU
		{9BB2561D-309B-4F9F-BBA5-A43D39064E16}.Release|Any CPU.ActiveCfg = Release|Any CPU
		{9BB2561D-309B-4F9F-BBA5-A43D39064E16}.Release|Any CPU.Build.0 = Release|Any CPU
		{7EA31298-CF01-4634-9F78-08E90DD9D286}.Debug|Any CPU.ActiveCfg = Debug|Any CPU
		{7EA31298-CF01-4634-9F78-08E90DD9D286}.Debug|Any CPU.Build.0 = Debug|Any CPU
		{7EA31298-CF01-4634-9F78-08E90DD9D286}.Release|Any CPU.ActiveCfg = Release|Any CPU
		{7EA31298-CF01-4634-9F78-08E90DD9D286}.Release|Any CPU.Build.0 = Release|Any CPU
		{2931F6A4-D4C9-4F5F-8329-816F05386A80}.Debug|Any CPU.ActiveCfg = Debug|Any CPU
		{2931F6A4-D4C9-4F5F-8329-816F05386A80}.Debug|Any CPU.Build.0 = Debug|Any CPU
		{2931F6A4-D4C9-4F5F-8329-816F05386A80}.Release|Any CPU.ActiveCfg = Release|Any CPU
		{2931F6A4-D4C9-4F5F-8329-816F05386A80}.Release|Any CPU.Build.0 = Release|Any CPU
		{D6987839-8B0B-4465-BB8E-B8F096183722}.Debug|Any CPU.ActiveCfg = Debug|Any CPU
		{D6987839-8B0B-4465-BB8E-B8F096183722}.Debug|Any CPU.Build.0 = Debug|Any CPU
		{D6987839-8B0B-4465-BB8E-B8F096183722}.Release|Any CPU.ActiveCfg = Release|Any CPU
		{D6987839-8B0B-4465-BB8E-B8F096183722}.Release|Any CPU.Build.0 = Release|Any CPU
		{7F4C7066-F517-42E5-852B-01D96A7D8888}.Debug|Any CPU.ActiveCfg = Debug|Any CPU
		{7F4C7066-F517-42E5-852B-01D96A7D8888}.Debug|Any CPU.Build.0 = Debug|Any CPU
		{7F4C7066-F517-42E5-852B-01D96A7D8888}.Release|Any CPU.ActiveCfg = Release|Any CPU
		{7F4C7066-F517-42E5-852B-01D96A7D8888}.Release|Any CPU.Build.0 = Release|Any CPU
		{AE683C65-FE44-4419-9CAC-42D1A73D1EE6}.Debug|Any CPU.ActiveCfg = Debug|Any CPU
		{AE683C65-FE44-4419-9CAC-42D1A73D1EE6}.Debug|Any CPU.Build.0 = Debug|Any CPU
		{AE683C65-FE44-4419-9CAC-42D1A73D1EE6}.Release|Any CPU.ActiveCfg = Release|Any CPU
		{AE683C65-FE44-4419-9CAC-42D1A73D1EE6}.Release|Any CPU.Build.0 = Release|Any CPU
	EndGlobalSection
	GlobalSection(SolutionProperties) = preSolution
		HideSolutionNode = FALSE
	EndGlobalSection
	GlobalSection(ExtensibilityGlobals) = postSolution
		SolutionGuid = {285E68E3-C27E-456D-BD64-CE0B1F7760E5}
	EndGlobalSection
EndGlobal
